// !$*UTF8*$!
{
	archiveVersion = 1;
	classes = {
	};
	objectVersion = 52;
	objects = {

/* Begin PBXBuildFile section */
		DB4385C626617EFC00D311E4 /* PythonKit in Frameworks */ = {isa = PBXBuildFile; productRef = DB4385C526617EFC00D311E4 /* PythonKit */; };
		DB4E149A265FD2DD00352F59 /* AppDelegate.swift in Sources */ = {isa = PBXBuildFile; fileRef = DB4E1499265FD2DD00352F59 /* AppDelegate.swift */; };
		DB4E149C265FD2DD00352F59 /* ViewController.swift in Sources */ = {isa = PBXBuildFile; fileRef = DB4E149B265FD2DD00352F59 /* ViewController.swift */; };
		DB4E149E265FD2E000352F59 /* Assets.xcassets in Resources */ = {isa = PBXBuildFile; fileRef = DB4E149D265FD2E000352F59 /* Assets.xcassets */; };
		DB4E14A1265FD2E000352F59 /* Main.storyboard in Resources */ = {isa = PBXBuildFile; fileRef = DB4E149F265FD2E000352F59 /* Main.storyboard */; };
		DB4E14AD265FD2E100352F59 /* mrimgTests.swift in Sources */ = {isa = PBXBuildFile; fileRef = DB4E14AC265FD2E100352F59 /* mrimgTests.swift */; };
		DB4E14B8265FD2E100352F59 /* mrimgUITests.swift in Sources */ = {isa = PBXBuildFile; fileRef = DB4E14B7265FD2E100352F59 /* mrimgUITests.swift */; };
		DB4E14CA265FD59F00352F59 /* icons8-file-100.png in Resources */ = {isa = PBXBuildFile; fileRef = DB4E14C9265FD59F00352F59 /* icons8-file-100.png */; };
		DB4E14CF265FD84E00352F59 /* icons8-file-100 (1).png in Resources */ = {isa = PBXBuildFile; fileRef = DB4E14CE265FD84E00352F59 /* icons8-file-100 (1).png */; };
		DBE0245726615B750018FE2A /* main.py in Resources */ = {isa = PBXBuildFile; fileRef = DBE0245626615B750018FE2A /* main.py */; };
/* End PBXBuildFile section */

/* Begin PBXContainerItemProxy section */
		DB4E14A9265FD2E100352F59 /* PBXContainerItemProxy */ = {
			isa = PBXContainerItemProxy;
			containerPortal = DB4E148E265FD2DD00352F59 /* Project object */;
			proxyType = 1;
			remoteGlobalIDString = DB4E1495265FD2DD00352F59;
			remoteInfo = mrimg;
		};
		DB4E14B4265FD2E100352F59 /* PBXContainerItemProxy */ = {
			isa = PBXContainerItemProxy;
			containerPortal = DB4E148E265FD2DD00352F59 /* Project object */;
			proxyType = 1;
			remoteGlobalIDString = DB4E1495265FD2DD00352F59;
			remoteInfo = mrimg;
		};
/* End PBXContainerItemProxy section */

/* Begin PBXFileReference section */
		DB4E1496265FD2DD00352F59 /* mrimg.app */ = {isa = PBXFileReference; explicitFileType = wrapper.application; includeInIndex = 0; path = mrimg.app; sourceTree = BUILT_PRODUCTS_DIR; };
		DB4E1499265FD2DD00352F59 /* AppDelegate.swift */ = {isa = PBXFileReference; lastKnownFileType = sourcecode.swift; path = AppDelegate.swift; sourceTree = "<group>"; };
		DB4E149B265FD2DD00352F59 /* ViewController.swift */ = {isa = PBXFileReference; lastKnownFileType = sourcecode.swift; path = ViewController.swift; sourceTree = "<group>"; };
		DB4E149D265FD2E000352F59 /* Assets.xcassets */ = {isa = PBXFileReference; lastKnownFileType = folder.assetcatalog; path = Assets.xcassets; sourceTree = "<group>"; };
		DB4E14A0265FD2E000352F59 /* Base */ = {isa = PBXFileReference; lastKnownFileType = file.storyboard; name = Base; path = Base.lproj/Main.storyboard; sourceTree = "<group>"; };
		DB4E14A2265FD2E000352F59 /* Info.plist */ = {isa = PBXFileReference; lastKnownFileType = text.plist.xml; path = Info.plist; sourceTree = "<group>"; };
		DB4E14A3265FD2E000352F59 /* mrimg.entitlements */ = {isa = PBXFileReference; lastKnownFileType = text.plist.entitlements; path = mrimg.entitlements; sourceTree = "<group>"; };
		DB4E14A8265FD2E100352F59 /* mrimgTests.xctest */ = {isa = PBXFileReference; explicitFileType = wrapper.cfbundle; includeInIndex = 0; path = mrimgTests.xctest; sourceTree = BUILT_PRODUCTS_DIR; };
		DB4E14AC265FD2E100352F59 /* mrimgTests.swift */ = {isa = PBXFileReference; lastKnownFileType = sourcecode.swift; path = mrimgTests.swift; sourceTree = "<group>"; };
		DB4E14AE265FD2E100352F59 /* Info.plist */ = {isa = PBXFileReference; lastKnownFileType = text.plist.xml; path = Info.plist; sourceTree = "<group>"; };
		DB4E14B3265FD2E100352F59 /* mrimgUITests.xctest */ = {isa = PBXFileReference; explicitFileType = wrapper.cfbundle; includeInIndex = 0; path = mrimgUITests.xctest; sourceTree = BUILT_PRODUCTS_DIR; };
		DB4E14B7265FD2E100352F59 /* mrimgUITests.swift */ = {isa = PBXFileReference; lastKnownFileType = sourcecode.swift; path = mrimgUITests.swift; sourceTree = "<group>"; };
		DB4E14B9265FD2E100352F59 /* Info.plist */ = {isa = PBXFileReference; lastKnownFileType = text.plist.xml; path = Info.plist; sourceTree = "<group>"; };
		DB4E14C9265FD59F00352F59 /* icons8-file-100.png */ = {isa = PBXFileReference; lastKnownFileType = image.png; name = "icons8-file-100.png"; path = "../../../../../../../Downloads/icons8-file-100.png"; sourceTree = "<group>"; };
		DB4E14CE265FD84E00352F59 /* icons8-file-100 (1).png */ = {isa = PBXFileReference; lastKnownFileType = image.png; name = "icons8-file-100 (1).png"; path = "../../../../../../../Downloads/icons8-file-100 (1).png"; sourceTree = "<group>"; };
		DBE0245626615B750018FE2A /* main.py */ = {isa = PBXFileReference; fileEncoding = 4; lastKnownFileType = text.script.python; name = main.py; path = ../../../main.py; sourceTree = "<group>"; };
/* End PBXFileReference section */

/* Begin PBXFrameworksBuildPhase section */
		DB4E1493265FD2DD00352F59 /* Frameworks */ = {
			isa = PBXFrameworksBuildPhase;
			buildActionMask = 2147483647;
			files = (
				DB4385C626617EFC00D311E4 /* PythonKit in Frameworks */,
			);
			runOnlyForDeploymentPostprocessing = 0;
		};
		DB4E14A5265FD2E100352F59 /* Frameworks */ = {
			isa = PBXFrameworksBuildPhase;
			buildActionMask = 2147483647;
			files = (
			);
			runOnlyForDeploymentPostprocessing = 0;
		};
		DB4E14B0265FD2E100352F59 /* Frameworks */ = {
			isa = PBXFrameworksBuildPhase;
			buildActionMask = 2147483647;
			files = (
			);
			runOnlyForDeploymentPostprocessing = 0;
		};
/* End PBXFrameworksBuildPhase section */

/* Begin PBXGroup section */
		DB4499112668217E00C394D7 /* imgs */ = {
			isa = PBXGroup;
			children = (
			);
			path = imgs;
			sourceTree = "<group>";
		};
		DB4E148D265FD2DD00352F59 = {
			isa = PBXGroup;
			children = (
				DB4E1498265FD2DD00352F59 /* mrimg */,
				DB4E14AB265FD2E100352F59 /* mrimgTests */,
				DB4E14B6265FD2E100352F59 /* mrimgUITests */,
				DB4E1497265FD2DD00352F59 /* Products */,
			);
			sourceTree = "<group>";
		};
		DB4E1497265FD2DD00352F59 /* Products */ = {
			isa = PBXGroup;
			children = (
				DB4E1496265FD2DD00352F59 /* mrimg.app */,
				DB4E14A8265FD2E100352F59 /* mrimgTests.xctest */,
				DB4E14B3265FD2E100352F59 /* mrimgUITests.xctest */,
			);
			name = Products;
			sourceTree = "<group>";
		};
		DB4E1498265FD2DD00352F59 /* mrimg */ = {
			isa = PBXGroup;
			children = (
				DBE0245626615B750018FE2A /* main.py */,
				DB4E14C8265FD59300352F59 /* Assets */,
				DB4E1499265FD2DD00352F59 /* AppDelegate.swift */,
				DB4E149B265FD2DD00352F59 /* ViewController.swift */,
				DB4499112668217E00C394D7 /* imgs */,
				DB4E149D265FD2E000352F59 /* Assets.xcassets */,
				DB4E149F265FD2E000352F59 /* Main.storyboard */,
				DB4E14A2265FD2E000352F59 /* Info.plist */,
				DB4E14A3265FD2E000352F59 /* mrimg.entitlements */,
			);
			path = mrimg;
			sourceTree = "<group>";
		};
		DB4E14AB265FD2E100352F59 /* mrimgTests */ = {
			isa = PBXGroup;
			children = (
				DB4E14AC265FD2E100352F59 /* mrimgTests.swift */,
				DB4E14AE265FD2E100352F59 /* Info.plist */,
			);
			path = mrimgTests;
			sourceTree = "<group>";
		};
		DB4E14B6265FD2E100352F59 /* mrimgUITests */ = {
			isa = PBXGroup;
			children = (
				DB4E14B7265FD2E100352F59 /* mrimgUITests.swift */,
				DB4E14B9265FD2E100352F59 /* Info.plist */,
			);
			path = mrimgUITests;
			sourceTree = "<group>";
		};
		DB4E14C8265FD59300352F59 /* Assets */ = {
			isa = PBXGroup;
			children = (
				DB4E14C9265FD59F00352F59 /* icons8-file-100.png */,
				DB4E14CE265FD84E00352F59 /* icons8-file-100 (1).png */,
			);
			path = Assets;
			sourceTree = "<group>";
		};
/* End PBXGroup section */

/* Begin PBXNativeTarget section */
		DB4E1495265FD2DD00352F59 /* mrimg */ = {
			isa = PBXNativeTarget;
			buildConfigurationList = DB4E14BC265FD2E100352F59 /* Build configuration list for PBXNativeTarget "mrimg" */;
			buildPhases = (
				DB4E1492265FD2DD00352F59 /* Sources */,
				DB4E1493265FD2DD00352F59 /* Frameworks */,
				DB4E1494265FD2DD00352F59 /* Resources */,
			);
			buildRules = (
			);
			dependencies = (
			);
			name = mrimg;
			packageProductDependencies = (
				DB4385C526617EFC00D311E4 /* PythonKit */,
			);
			productName = mrimg;
			productReference = DB4E1496265FD2DD00352F59 /* mrimg.app */;
			productType = "com.apple.product-type.application";
		};
		DB4E14A7265FD2E100352F59 /* mrimgTests */ = {
			isa = PBXNativeTarget;
			buildConfigurationList = DB4E14BF265FD2E100352F59 /* Build configuration list for PBXNativeTarget "mrimgTests" */;
			buildPhases = (
				DB4E14A4265FD2E100352F59 /* Sources */,
				DB4E14A5265FD2E100352F59 /* Frameworks */,
				DB4E14A6265FD2E100352F59 /* Resources */,
			);
			buildRules = (
			);
			dependencies = (
				DB4E14AA265FD2E100352F59 /* PBXTargetDependency */,
			);
			name = mrimgTests;
			productName = mrimgTests;
			productReference = DB4E14A8265FD2E100352F59 /* mrimgTests.xctest */;
			productType = "com.apple.product-type.bundle.unit-test";
		};
		DB4E14B2265FD2E100352F59 /* mrimgUITests */ = {
			isa = PBXNativeTarget;
			buildConfigurationList = DB4E14C2265FD2E100352F59 /* Build configuration list for PBXNativeTarget "mrimgUITests" */;
			buildPhases = (
				DB4E14AF265FD2E100352F59 /* Sources */,
				DB4E14B0265FD2E100352F59 /* Frameworks */,
				DB4E14B1265FD2E100352F59 /* Resources */,
			);
			buildRules = (
			);
			dependencies = (
				DB4E14B5265FD2E100352F59 /* PBXTargetDependency */,
			);
			name = mrimgUITests;
			productName = mrimgUITests;
			productReference = DB4E14B3265FD2E100352F59 /* mrimgUITests.xctest */;
			productType = "com.apple.product-type.bundle.ui-testing";
		};
/* End PBXNativeTarget section */

/* Begin PBXProject section */
		DB4E148E265FD2DD00352F59 /* Project object */ = {
			isa = PBXProject;
			attributes = {
				LastSwiftUpdateCheck = 1220;
				LastUpgradeCheck = 1220;
				TargetAttributes = {
					DB4E1495265FD2DD00352F59 = {
						CreatedOnToolsVersion = 12.2;
					};
					DB4E14A7265FD2E100352F59 = {
						CreatedOnToolsVersion = 12.2;
						TestTargetID = DB4E1495265FD2DD00352F59;
					};
					DB4E14B2265FD2E100352F59 = {
						CreatedOnToolsVersion = 12.2;
						TestTargetID = DB4E1495265FD2DD00352F59;
					};
				};
			};
			buildConfigurationList = DB4E1491265FD2DD00352F59 /* Build configuration list for PBXProject "mrimg" */;
			compatibilityVersion = "Xcode 9.3";
			developmentRegion = en;
			hasScannedForEncodings = 0;
			knownRegions = (
				en,
				Base,
			);
			mainGroup = DB4E148D265FD2DD00352F59;
			packageReferences = (
				DB4385C426617EFC00D311E4 /* XCRemoteSwiftPackageReference "PythonKit" */,
			);
			productRefGroup = DB4E1497265FD2DD00352F59 /* Products */;
			projectDirPath = "";
			projectRoot = "";
			targets = (
				DB4E1495265FD2DD00352F59 /* mrimg */,
				DB4E14A7265FD2E100352F59 /* mrimgTests */,
				DB4E14B2265FD2E100352F59 /* mrimgUITests */,
			);
		};
/* End PBXProject section */

/* Begin PBXResourcesBuildPhase section */
		DB4E1494265FD2DD00352F59 /* Resources */ = {
			isa = PBXResourcesBuildPhase;
			buildActionMask = 2147483647;
			files = (
				DB4E149E265FD2E000352F59 /* Assets.xcassets in Resources */,
				DBE0245726615B750018FE2A /* main.py in Resources */,
				DB4E14CA265FD59F00352F59 /* icons8-file-100.png in Resources */,
				DB4E14A1265FD2E000352F59 /* Main.storyboard in Resources */,
				DB4E14CF265FD84E00352F59 /* icons8-file-100 (1).png in Resources */,
			);
			runOnlyForDeploymentPostprocessing = 0;
		};
		DB4E14A6265FD2E100352F59 /* Resources */ = {
			isa = PBXResourcesBuildPhase;
			buildActionMask = 2147483647;
			files = (
			);
			runOnlyForDeploymentPostprocessing = 0;
		};
		DB4E14B1265FD2E100352F59 /* Resources */ = {
			isa = PBXResourcesBuildPhase;
			buildActionMask = 2147483647;
			files = (
			);
			runOnlyForDeploymentPostprocessing = 0;
		};
/* End PBXResourcesBuildPhase section */

/* Begin PBXSourcesBuildPhase section */
		DB4E1492265FD2DD00352F59 /* Sources */ = {
			isa = PBXSourcesBuildPhase;
			buildActionMask = 2147483647;
			files = (
				DB4E149C265FD2DD00352F59 /* ViewController.swift in Sources */,
				DB4E149A265FD2DD00352F59 /* AppDelegate.swift in Sources */,
			);
			runOnlyForDeploymentPostprocessing = 0;
		};
		DB4E14A4265FD2E100352F59 /* Sources */ = {
			isa = PBXSourcesBuildPhase;
			buildActionMask = 2147483647;
			files = (
				DB4E14AD265FD2E100352F59 /* mrimgTests.swift in Sources */,
			);
			runOnlyForDeploymentPostprocessing = 0;
		};
		DB4E14AF265FD2E100352F59 /* Sources */ = {
			isa = PBXSourcesBuildPhase;
			buildActionMask = 2147483647;
			files = (
				DB4E14B8265FD2E100352F59 /* mrimgUITests.swift in Sources */,
			);
			runOnlyForDeploymentPostprocessing = 0;
		};
/* End PBXSourcesBuildPhase section */

/* Begin PBXTargetDependency section */
		DB4E14AA265FD2E100352F59 /* PBXTargetDependency */ = {
			isa = PBXTargetDependency;
			target = DB4E1495265FD2DD00352F59 /* mrimg */;
			targetProxy = DB4E14A9265FD2E100352F59 /* PBXContainerItemProxy */;
		};
		DB4E14B5265FD2E100352F59 /* PBXTargetDependency */ = {
			isa = PBXTargetDependency;
			target = DB4E1495265FD2DD00352F59 /* mrimg */;
			targetProxy = DB4E14B4265FD2E100352F59 /* PBXContainerItemProxy */;
		};
/* End PBXTargetDependency section */

/* Begin PBXVariantGroup section */
		DB4E149F265FD2E000352F59 /* Main.storyboard */ = {
			isa = PBXVariantGroup;
			children = (
				DB4E14A0265FD2E000352F59 /* Base */,
			);
			name = Main.storyboard;
			sourceTree = "<group>";
		};
/* End PBXVariantGroup section */

/* Begin XCBuildConfiguration section */
		DB4E14BA265FD2E100352F59 /* Debug */ = {
			isa = XCBuildConfiguration;
			buildSettings = {
				ALWAYS_SEARCH_USER_PATHS = NO;
				CLANG_ANALYZER_NONNULL = YES;
				CLANG_ANALYZER_NUMBER_OBJECT_CONVERSION = YES_AGGRESSIVE;
				CLANG_CXX_LANGUAGE_STANDARD = "gnu++14";
				CLANG_CXX_LIBRARY = "libc++";
				CLANG_ENABLE_MODULES = YES;
				CLANG_ENABLE_OBJC_ARC = YES;
				CLANG_ENABLE_OBJC_WEAK = YES;
				CLANG_WARN_BLOCK_CAPTURE_AUTORELEASING = YES;
				CLANG_WARN_BOOL_CONVERSION = YES;
				CLANG_WARN_COMMA = YES;
				CLANG_WARN_CONSTANT_CONVERSION = YES;
				CLANG_WARN_DEPRECATED_OBJC_IMPLEMENTATIONS = YES;
				CLANG_WARN_DIRECT_OBJC_ISA_USAGE = YES_ERROR;
				CLANG_WARN_DOCUMENTATION_COMMENTS = YES;
				CLANG_WARN_EMPTY_BODY = YES;
				CLANG_WARN_ENUM_CONVERSION = YES;
				CLANG_WARN_INFINITE_RECURSION = YES;
				CLANG_WARN_INT_CONVERSION = YES;
				CLANG_WARN_NON_LITERAL_NULL_CONVERSION = YES;
				CLANG_WARN_OBJC_IMPLICIT_RETAIN_SELF = YES;
				CLANG_WARN_OBJC_LITERAL_CONVERSION = YES;
				CLANG_WARN_OBJC_ROOT_CLASS = YES_ERROR;
				CLANG_WARN_QUOTED_INCLUDE_IN_FRAMEWORK_HEADER = YES;
				CLANG_WARN_RANGE_LOOP_ANALYSIS = YES;
				CLANG_WARN_STRICT_PROTOTYPES = YES;
				CLANG_WARN_SUSPICIOUS_MOVE = YES;
				CLANG_WARN_UNGUARDED_AVAILABILITY = YES_AGGRESSIVE;
				CLANG_WARN_UNREACHABLE_CODE = YES;
				CLANG_WARN__DUPLICATE_METHOD_MATCH = YES;
				COPY_PHASE_STRIP = NO;
				DEBUG_INFORMATION_FORMAT = dwarf;
				ENABLE_STRICT_OBJC_MSGSEND = YES;
				ENABLE_TESTABILITY = YES;
				GCC_C_LANGUAGE_STANDARD = gnu11;
				GCC_DYNAMIC_NO_PIC = NO;
				GCC_NO_COMMON_BLOCKS = YES;
				GCC_OPTIMIZATION_LEVEL = 0;
				GCC_PREPROCESSOR_DEFINITIONS = (
					"DEBUG=1",
					"$(inherited)",
				);
				GCC_WARN_64_TO_32_BIT_CONVERSION = YES;
				GCC_WARN_ABOUT_RETURN_TYPE = YES_ERROR;
				GCC_WARN_UNDECLARED_SELECTOR = YES;
				GCC_WARN_UNINITIALIZED_AUTOS = YES_AGGRESSIVE;
				GCC_WARN_UNUSED_FUNCTION = YES;
				GCC_WARN_UNUSED_VARIABLE = YES;
				MACOSX_DEPLOYMENT_TARGET = 11.0;
				MTL_ENABLE_DEBUG_INFO = INCLUDE_SOURCE;
				MTL_FAST_MATH = YES;
				ONLY_ACTIVE_ARCH = YES;
				SDKROOT = macosx;
				SWIFT_ACTIVE_COMPILATION_CONDITIONS = DEBUG;
				SWIFT_OPTIMIZATION_LEVEL = "-Onone";
			};
			name = Debug;
		};
		DB4E14BB265FD2E100352F59 /* Release */ = {
			isa = XCBuildConfiguration;
			buildSettings = {
				ALWAYS_SEARCH_USER_PATHS = NO;
				CLANG_ANALYZER_NONNULL = YES;
				CLANG_ANALYZER_NUMBER_OBJECT_CONVERSION = YES_AGGRESSIVE;
				CLANG_CXX_LANGUAGE_STANDARD = "gnu++14";
				CLANG_CXX_LIBRARY = "libc++";
				CLANG_ENABLE_MODULES = YES;
				CLANG_ENABLE_OBJC_ARC = YES;
				CLANG_ENABLE_OBJC_WEAK = YES;
				CLANG_WARN_BLOCK_CAPTURE_AUTORELEASING = YES;
				CLANG_WARN_BOOL_CONVERSION = YES;
				CLANG_WARN_COMMA = YES;
				CLANG_WARN_CONSTANT_CONVERSION = YES;
				CLANG_WARN_DEPRECATED_OBJC_IMPLEMENTATIONS = YES;
				CLANG_WARN_DIRECT_OBJC_ISA_USAGE = YES_ERROR;
				CLANG_WARN_DOCUMENTATION_COMMENTS = YES;
				CLANG_WARN_EMPTY_BODY = YES;
				CLANG_WARN_ENUM_CONVERSION = YES;
				CLANG_WARN_INFINITE_RECURSION = YES;
				CLANG_WARN_INT_CONVERSION = YES;
				CLANG_WARN_NON_LITERAL_NULL_CONVERSION = YES;
				CLANG_WARN_OBJC_IMPLICIT_RETAIN_SELF = YES;
				CLANG_WARN_OBJC_LITERAL_CONVERSION = YES;
				CLANG_WARN_OBJC_ROOT_CLASS = YES_ERROR;
				CLANG_WARN_QUOTED_INCLUDE_IN_FRAMEWORK_HEADER = YES;
				CLANG_WARN_RANGE_LOOP_ANALYSIS = YES;
				CLANG_WARN_STRICT_PROTOTYPES = YES;
				CLANG_WARN_SUSPICIOUS_MOVE = YES;
				CLANG_WARN_UNGUARDED_AVAILABILITY = YES_AGGRESSIVE;
				CLANG_WARN_UNREACHABLE_CODE = YES;
				CLANG_WARN__DUPLICATE_METHOD_MATCH = YES;
				COPY_PHASE_STRIP = NO;
				DEBUG_INFORMATION_FORMAT = "dwarf-with-dsym";
				ENABLE_NS_ASSERTIONS = NO;
				ENABLE_STRICT_OBJC_MSGSEND = YES;
				GCC_C_LANGUAGE_STANDARD = gnu11;
				GCC_NO_COMMON_BLOCKS = YES;
				GCC_WARN_64_TO_32_BIT_CONVERSION = YES;
				GCC_WARN_ABOUT_RETURN_TYPE = YES_ERROR;
				GCC_WARN_UNDECLARED_SELECTOR = YES;
				GCC_WARN_UNINITIALIZED_AUTOS = YES_AGGRESSIVE;
				GCC_WARN_UNUSED_FUNCTION = YES;
				GCC_WARN_UNUSED_VARIABLE = YES;
				MACOSX_DEPLOYMENT_TARGET = 11.0;
				MTL_ENABLE_DEBUG_INFO = NO;
				MTL_FAST_MATH = YES;
				SDKROOT = macosx;
				SWIFT_COMPILATION_MODE = wholemodule;
				SWIFT_OPTIMIZATION_LEVEL = "-O";
			};
			name = Release;
		};
		DB4E14BD265FD2E100352F59 /* Debug */ = {
			isa = XCBuildConfiguration;
			buildSettings = {
				ASSETCATALOG_COMPILER_APPICON_NAME = AppIcon;
				ASSETCATALOG_COMPILER_GLOBAL_ACCENT_COLOR_NAME = AccentColor;
				CODE_SIGN_ENTITLEMENTS = mrimg/mrimg.entitlements;
				CODE_SIGN_STYLE = Automatic;
				COMBINE_HIDPI_IMAGES = YES;
				DEVELOPMENT_TEAM = WUYJ6GS8SM;
				ENABLE_HARDENED_RUNTIME = YES;
				INFOPLIST_FILE = mrimg/Info.plist;
				LD_RUNPATH_SEARCH_PATHS = (
					"$(inherited)",
					"@executable_path/../Frameworks",
				);
				PRODUCT_BUNDLE_IDENTIFIER = "Atul-Phadke.mrimg";
				PRODUCT_NAME = "$(TARGET_NAME)";
				SWIFT_VERSION = 5.0;
			};
			name = Debug;
		};
		DB4E14BE265FD2E100352F59 /* Release */ = {
			isa = XCBuildConfiguration;
			buildSettings = {
				ASSETCATALOG_COMPILER_APPICON_NAME = AppIcon;
				ASSETCATALOG_COMPILER_GLOBAL_ACCENT_COLOR_NAME = AccentColor;
				CODE_SIGN_ENTITLEMENTS = mrimg/mrimg.entitlements;
				CODE_SIGN_STYLE = Automatic;
				COMBINE_HIDPI_IMAGES = YES;
				DEVELOPMENT_TEAM = WUYJ6GS8SM;
				ENABLE_HARDENED_RUNTIME = YES;
				INFOPLIST_FILE = mrimg/Info.plist;
				LD_RUNPATH_SEARCH_PATHS = (
					"$(inherited)",
					"@executable_path/../Frameworks",
				);
				PRODUCT_BUNDLE_IDENTIFIER = "Atul-Phadke.mrimg";
				PRODUCT_NAME = "$(TARGET_NAME)";
				SWIFT_VERSION = 5.0;
			};
			name = Release;
		};
		DB4E14C0265FD2E100352F59 /* Debug */ = {
			isa = XCBuildConfiguration;
			buildSettings = {
				ALWAYS_EMBED_SWIFT_STANDARD_LIBRARIES = YES;
				BUNDLE_LOADER = "$(TEST_HOST)";
				CODE_SIGN_STYLE = Automatic;
				COMBINE_HIDPI_IMAGES = YES;
				DEVELOPMENT_TEAM = WUYJ6GS8SM;
				INFOPLIST_FILE = mrimgTests/Info.plist;
				LD_RUNPATH_SEARCH_PATHS = (
					"$(inherited)",
					"@executable_path/../Frameworks",
					"@loader_path/../Frameworks",
				);
				MACOSX_DEPLOYMENT_TARGET = 11.0;
				PRODUCT_BUNDLE_IDENTIFIER = "Atul-Phadke.mrimgTests";
				PRODUCT_NAME = "$(TARGET_NAME)";
				SWIFT_VERSION = 5.0;
				TEST_HOST = "$(BUILT_PRODUCTS_DIR)/mrimg.app/Contents/MacOS/mrimg";
			};
			name = Debug;
		};
		DB4E14C1265FD2E100352F59 /* Release */ = {
			isa = XCBuildConfiguration;
			buildSettings = {
				ALWAYS_EMBED_SWIFT_STANDARD_LIBRARIES = YES;
				BUNDLE_LOADER = "$(TEST_HOST)";
				CODE_SIGN_STYLE = Automatic;
				COMBINE_HIDPI_IMAGES = YES;
				DEVELOPMENT_TEAM = WUYJ6GS8SM;
				INFOPLIST_FILE = mrimgTests/Info.plist;
				LD_RUNPATH_SEARCH_PATHS = (
					"$(inherited)",
					"@executable_path/../Frameworks",
					"@loader_path/../Frameworks",
				);
				MACOSX_DEPLOYMENT_TARGET = 11.0;
				PRODUCT_BUNDLE_IDENTIFIER = "Atul-Phadke.mrimgTests";
				PRODUCT_NAME = "$(TARGET_NAME)";
				SWIFT_VERSION = 5.0;
				TEST_HOST = "$(BUILT_PRODUCTS_DIR)/mrimg.app/Contents/MacOS/mrimg";
			};
			name = Release;
		};
		DB4E14C3265FD2E100352F59 /* Debug */ = {
			isa = XCBuildConfiguration;
			buildSettings = {
				ALWAYS_EMBED_SWIFT_STANDARD_LIBRARIES = YES;
				CODE_SIGN_STYLE = Automatic;
				COMBINE_HIDPI_IMAGES = YES;
				DEVELOPMENT_TEAM = WUYJ6GS8SM;
				INFOPLIST_FILE = mrimgUITests/Info.plist;
				LD_RUNPATH_SEARCH_PATHS = (
					"$(inherited)",
					"@executable_path/../Frameworks",
					"@loader_path/../Frameworks",
				);
				PRODUCT_BUNDLE_IDENTIFIER = "Atul-Phadke.mrimgUITests";
				PRODUCT_NAME = "$(TARGET_NAME)";
				SWIFT_VERSION = 5.0;
				TEST_TARGET_NAME = mrimg;
			};
			name = Debug;
		};
		DB4E14C4265FD2E100352F59 /* Release */ = {
			isa = XCBuildConfiguration;
			buildSettings = {
				ALWAYS_EMBED_SWIFT_STANDARD_LIBRARIES = YES;
				CODE_SIGN_STYLE = Automatic;
				COMBINE_HIDPI_IMAGES = YES;
				DEVELOPMENT_TEAM = WUYJ6GS8SM;
				INFOPLIST_FILE = mrimgUITests/Info.plist;
				LD_RUNPATH_SEARCH_PATHS = (
					"$(inherited)",
					"@executable_path/../Frameworks",
					"@loader_path/../Frameworks",
				);
				PRODUCT_BUNDLE_IDENTIFIER = "Atul-Phadke.mrimgUITests";
				PRODUCT_NAME = "$(TARGET_NAME)";
				SWIFT_VERSION = 5.0;
				TEST_TARGET_NAME = mrimg;
			};
			name = Release;
		};
/* End XCBuildConfiguration section */

/* Begin XCConfigurationList section */
		DB4E1491265FD2DD00352F59 /* Build configuration list for PBXProject "mrimg" */ = {
			isa = XCConfigurationList;
			buildConfigurations = (
				DB4E14BA265FD2E100352F59 /* Debug */,
				DB4E14BB265FD2E100352F59 /* Release */,
			);
			defaultConfigurationIsVisible = 0;
			defaultConfigurationName = Release;
		};
		DB4E14BC265FD2E100352F59 /* Build configuration list for PBXNativeTarget "mrimg" */ = {
			isa = XCConfigurationList;
			buildConfigurations = (
				DB4E14BD265FD2E100352F59 /* Debug */,
				DB4E14BE265FD2E100352F59 /* Release */,
			);
			defaultConfigurationIsVisible = 0;
			defaultConfigurationName = Release;
		};
		DB4E14BF265FD2E100352F59 /* Build configuration list for PBXNativeTarget "mrimgTests" */ = {
			isa = XCConfigurationList;
			buildConfigurations = (
				DB4E14C0265FD2E100352F59 /* Debug */,
				DB4E14C1265FD2E100352F59 /* Release */,
			);
			defaultConfigurationIsVisible = 0;
			defaultConfigurationName = Release;
		};
		DB4E14C2265FD2E100352F59 /* Build configuration list for PBXNativeTarget "mrimgUITests" */ = {
			isa = XCConfigurationList;
			buildConfigurations = (
				DB4E14C3265FD2E100352F59 /* Debug */,
				DB4E14C4265FD2E100352F59 /* Release */,
			);
			defaultConfigurationIsVisible = 0;
			defaultConfigurationName = Release;
		};
/* End XCConfigurationList section */

/* Begin XCRemoteSwiftPackageReference section */
		DB4385C426617EFC00D311E4 /* XCRemoteSwiftPackageReference "PythonKit" */ = {
			isa = XCRemoteSwiftPackageReference;
			repositoryURL = "https://github.com/pvieito/PythonKit.git";
			requirement = {
				kind = upToNextMajorVersion;
				minimumVersion = 0.1.0;
			};
		};
/* End XCRemoteSwiftPackageReference section */

/* Begin XCSwiftPackageProductDependency section */
		DB4385C526617EFC00D311E4 /* PythonKit */ = {
			isa = XCSwiftPackageProductDependency;
			package = DB4385C426617EFC00D311E4 /* XCRemoteSwiftPackageReference "PythonKit" */;
			productName = PythonKit;
		};
/* End XCSwiftPackageProductDependency section */
	};
	rootObject = DB4E148E265FD2DD00352F59 /* Project object */;
}
